
Microsoft Visual Studio Solution File, Format Version 12.00
# Visual Studio Version 17
VisualStudioVersion = 17.0.31903.59
MinimumVisualStudioVersion = 10.0.40219.1
Project("{FAE04EC0-301F-11D3-BF4B-00C04F79EFBC}") = "MyCookBookApp", "MyCookBookApp\MyCookBookApp.csproj", "{D0C640DD-217E-47CF-90F5-8BF47C7F8CB5}"
EndProject
Project("{FAE04EC0-301F-11D3-BF4B-00C04F79EFBC}") = "MyCookBookApp.Tests", "MyCookBookApp.Tests\MyCookBookApp.Tests.csproj", "{A5A1659D-5B34-49BF-B5D8-C480ACCAAD25}"
EndProject
Global
	GlobalSection(SolutionConfigurationPlatforms) = preSolution
		Debug|Any CPU = Debug|Any CPU
		Release|Any CPU = Release|Any CPU
	EndGlobalSection
	GlobalSection(SolutionProperties) = preSolution
		HideSolutionNode = FALSE
	EndGlobalSection
	GlobalSection(ProjectConfigurationPlatforms) = postSolution
		{D0C640DD-217E-47CF-90F5-8BF47C7F8CB5}.Debug|Any CPU.ActiveCfg = Debug|Any CPU
		{D0C640DD-217E-47CF-90F5-8BF47C7F8CB5}.Debug|Any CPU.Build.0 = Debug|Any CPU
		{D0C640DD-217E-47CF-90F5-8BF47C7F8CB5}.Release|Any CPU.ActiveCfg = Release|Any CPU
		{D0C640DD-217E-47CF-90F5-8BF47C7F8CB5}.Release|Any CPU.Build.0 = Release|Any CPU
		{A5A1659D-5B34-49BF-B5D8-C480ACCAAD25}.Debug|Any CPU.ActiveCfg = Debug|Any CPU
		{A5A1659D-5B34-49BF-B5D8-C480ACCAAD25}.Debug|Any CPU.Build.0 = Debug|Any CPU
		{A5A1659D-5B34-49BF-B5D8-C480ACCAAD25}.Release|Any CPU.ActiveCfg = Release|Any CPU
		{A5A1659D-5B34-49BF-B5D8-C480ACCAAD25}.Release|Any CPU.Build.0 = Release|Any CPU
	EndGlobalSection
EndGlobal
